// !$*UTF8*$!
{
	archiveVersion = 1;
	classes = {
	};
	objectVersion = 55;
	objects = {

/* Begin PBXBuildFile section */
		616CA8B728C82D330040B8FA /* ApiManager.swift in Sources */ = {isa = PBXBuildFile; fileRef = 616CA8B628C82D330040B8FA /* ApiManager.swift */; };
		616CA8B928C82F8E0040B8FA /* PokemonListService.swift in Sources */ = {isa = PBXBuildFile; fileRef = 616CA8B828C82F8E0040B8FA /* PokemonListService.swift */; };
		616CA8BB28C830610040B8FA /* PokemonListDTO.swift in Sources */ = {isa = PBXBuildFile; fileRef = 616CA8BA28C830610040B8FA /* PokemonListDTO.swift */; };
		616CA8BD28C830BB0040B8FA /* PokemonDTO.swift in Sources */ = {isa = PBXBuildFile; fileRef = 616CA8BC28C830BB0040B8FA /* PokemonDTO.swift */; };
		61CE0B6628BD6EA60039564F /* AppDelegate.swift in Sources */ = {isa = PBXBuildFile; fileRef = 61CE0B6528BD6EA60039564F /* AppDelegate.swift */; };
		61CE0B6828BD6EA60039564F /* SceneDelegate.swift in Sources */ = {isa = PBXBuildFile; fileRef = 61CE0B6728BD6EA60039564F /* SceneDelegate.swift */; };
		61CE0B6F28BD6EAB0039564F /* Assets.xcassets in Resources */ = {isa = PBXBuildFile; fileRef = 61CE0B6E28BD6EAB0039564F /* Assets.xcassets */; };
		61CE0B7228BD6EAB0039564F /* LaunchScreen.storyboard in Resources */ = {isa = PBXBuildFile; fileRef = 61CE0B7028BD6EAB0039564F /* LaunchScreen.storyboard */; };
		61CE0B8B28BD73DC0039564F /* PokemonListViewController.swift in Sources */ = {isa = PBXBuildFile; fileRef = 61CE0B8A28BD73DC0039564F /* PokemonListViewController.swift */; };
		61CE0B8D28BD74520039564F /* PokemonDetailViewController.swift in Sources */ = {isa = PBXBuildFile; fileRef = 61CE0B8C28BD74520039564F /* PokemonDetailViewController.swift */; };
		9492CD57E6B17F027E7A47F0 /* Pods_Pokedex.framework in Frameworks */ = {isa = PBXBuildFile; fileRef = 3D460CAAE9E2A96ABA3F4E7E /* Pods_Pokedex.framework */; };
/* End PBXBuildFile section */

/* Begin PBXFileReference section */
		0793D1391E2AD15DF9839CD7 /* Pods-Pokedex.debug.xcconfig */ = {isa = PBXFileReference; includeInIndex = 1; lastKnownFileType = text.xcconfig; name = "Pods-Pokedex.debug.xcconfig"; path = "Target Support Files/Pods-Pokedex/Pods-Pokedex.debug.xcconfig"; sourceTree = "<group>"; };
		3D460CAAE9E2A96ABA3F4E7E /* Pods_Pokedex.framework */ = {isa = PBXFileReference; explicitFileType = wrapper.framework; includeInIndex = 0; path = Pods_Pokedex.framework; sourceTree = BUILT_PRODUCTS_DIR; };
		616CA8B628C82D330040B8FA /* ApiManager.swift */ = {isa = PBXFileReference; lastKnownFileType = sourcecode.swift; path = ApiManager.swift; sourceTree = "<group>"; };
		616CA8B828C82F8E0040B8FA /* PokemonListService.swift */ = {isa = PBXFileReference; lastKnownFileType = sourcecode.swift; path = PokemonListService.swift; sourceTree = "<group>"; };
		616CA8BA28C830610040B8FA /* PokemonListDTO.swift */ = {isa = PBXFileReference; lastKnownFileType = sourcecode.swift; path = PokemonListDTO.swift; sourceTree = "<group>"; };
		616CA8BC28C830BB0040B8FA /* PokemonDTO.swift */ = {isa = PBXFileReference; lastKnownFileType = sourcecode.swift; path = PokemonDTO.swift; sourceTree = "<group>"; };
		61CE0B6228BD6EA60039564F /* Pokedex.app */ = {isa = PBXFileReference; explicitFileType = wrapper.application; includeInIndex = 0; path = Pokedex.app; sourceTree = BUILT_PRODUCTS_DIR; };
		61CE0B6528BD6EA60039564F /* AppDelegate.swift */ = {isa = PBXFileReference; lastKnownFileType = sourcecode.swift; path = AppDelegate.swift; sourceTree = "<group>"; };
		61CE0B6728BD6EA60039564F /* SceneDelegate.swift */ = {isa = PBXFileReference; lastKnownFileType = sourcecode.swift; path = SceneDelegate.swift; sourceTree = "<group>"; };
		61CE0B6E28BD6EAB0039564F /* Assets.xcassets */ = {isa = PBXFileReference; lastKnownFileType = folder.assetcatalog; path = Assets.xcassets; sourceTree = "<group>"; };
		61CE0B7128BD6EAB0039564F /* Base */ = {isa = PBXFileReference; lastKnownFileType = file.storyboard; name = Base; path = Base.lproj/LaunchScreen.storyboard; sourceTree = "<group>"; };
		61CE0B7328BD6EAB0039564F /* Info.plist */ = {isa = PBXFileReference; lastKnownFileType = text.plist.xml; path = Info.plist; sourceTree = "<group>"; };
		61CE0B8A28BD73DC0039564F /* PokemonListViewController.swift */ = {isa = PBXFileReference; lastKnownFileType = sourcecode.swift; path = PokemonListViewController.swift; sourceTree = "<group>"; };
		61CE0B8C28BD74520039564F /* PokemonDetailViewController.swift */ = {isa = PBXFileReference; lastKnownFileType = sourcecode.swift; path = PokemonDetailViewController.swift; sourceTree = "<group>"; };
		ED2F010E04DD1442A4A5D795 /* Pods-Pokedex.release.xcconfig */ = {isa = PBXFileReference; includeInIndex = 1; lastKnownFileType = text.xcconfig; name = "Pods-Pokedex.release.xcconfig"; path = "Target Support Files/Pods-Pokedex/Pods-Pokedex.release.xcconfig"; sourceTree = "<group>"; };
/* End PBXFileReference section */

/* Begin PBXFrameworksBuildPhase section */
		61CE0B5F28BD6EA60039564F /* Frameworks */ = {
			isa = PBXFrameworksBuildPhase;
			buildActionMask = 2147483647;
			files = (
				9492CD57E6B17F027E7A47F0 /* Pods_Pokedex.framework in Frameworks */,
			);
			runOnlyForDeploymentPostprocessing = 0;
		};
/* End PBXFrameworksBuildPhase section */

/* Begin PBXGroup section */
		02D8B03BA0DB1BD803EF5CFB /* Frameworks */ = {
			isa = PBXGroup;
			children = (
				3D460CAAE9E2A96ABA3F4E7E /* Pods_Pokedex.framework */,
			);
			name = Frameworks;
			sourceTree = "<group>";
		};
		534A26D82DE410361F1D17EB /* Pods */ = {
			isa = PBXGroup;
			children = (
				0793D1391E2AD15DF9839CD7 /* Pods-Pokedex.debug.xcconfig */,
				ED2F010E04DD1442A4A5D795 /* Pods-Pokedex.release.xcconfig */,
			);
			path = Pods;
			sourceTree = "<group>";
		};
		61CE0B5928BD6EA50039564F = {
			isa = PBXGroup;
			children = (
				61CE0B6428BD6EA60039564F /* Pokedex */,
				61CE0B6328BD6EA60039564F /* Products */,
				534A26D82DE410361F1D17EB /* Pods */,
				02D8B03BA0DB1BD803EF5CFB /* Frameworks */,
			);
			sourceTree = "<group>";
		};
		61CE0B6328BD6EA60039564F /* Products */ = {
			isa = PBXGroup;
			children = (
				61CE0B6228BD6EA60039564F /* Pokedex.app */,
			);
			name = Products;
			sourceTree = "<group>";
		};
		61CE0B6428BD6EA60039564F /* Pokedex */ = {
			isa = PBXGroup;
			children = (
				61CE0B7928BD71640039564F /* App */,
				61CE0B6528BD6EA60039564F /* AppDelegate.swift */,
				61CE0B6728BD6EA60039564F /* SceneDelegate.swift */,
				61CE0B6E28BD6EAB0039564F /* Assets.xcassets */,
				61CE0B7028BD6EAB0039564F /* LaunchScreen.storyboard */,
				61CE0B7328BD6EAB0039564F /* Info.plist */,
			);
			path = Pokedex;
			sourceTree = "<group>";
		};
		61CE0B7928BD71640039564F /* App */ = {
			isa = PBXGroup;
			children = (
				61CE0B7D28BD721C0039564F /* Modules */,
				61CE0B7C28BD71DA0039564F /* Uitls */,
				61CE0B7B28BD71820039564F /* Shared */,
			);
			path = App;
			sourceTree = "<group>";
		};
		61CE0B7B28BD71820039564F /* Shared */ = {
			isa = PBXGroup;
			children = (
				61CE0B8928BD73380039564F /* Networking */,
				61CE0B8828BD732B0039564F /* Models */,
			);
			path = Shared;
			sourceTree = "<group>";
		};
		61CE0B7C28BD71DA0039564F /* Uitls */ = {
			isa = PBXGroup;
			children = (
			);
			path = Uitls;
			sourceTree = "<group>";
		};
		61CE0B7D28BD721C0039564F /* Modules */ = {
			isa = PBXGroup;
			children = (
				61CE0B8E28BD76C70039564F /* Login */,
				61CE0B8028BD72990039564F /* PokemonDetail */,
				61CE0B7F28BD72840039564F /* PokemonList */,
			);
			path = Modules;
			sourceTree = "<group>";
		};
		61CE0B7F28BD72840039564F /* PokemonList */ = {
			isa = PBXGroup;
			children = (
				61CE0B8328BD72C80039564F /* ViewModel */,
				61CE0B8228BD72C30039564F /* View */,
				61CE0B8128BD72BA0039564F /* Service */,
			);
			path = PokemonList;
			sourceTree = "<group>";
		};
		61CE0B8028BD72990039564F /* PokemonDetail */ = {
			isa = PBXGroup;
			children = (
				61CE0B8728BD72F80039564F /* ViewModel */,
				61CE0B8528BD72EB0039564F /* View */,
				61CE0B8428BD72E40039564F /* Service */,
			);
			path = PokemonDetail;
			sourceTree = "<group>";
		};
		61CE0B8128BD72BA0039564F /* Service */ = {
			isa = PBXGroup;
			children = (
				616CA8B828C82F8E0040B8FA /* PokemonListService.swift */,
			);
			path = Service;
			sourceTree = "<group>";
		};
		61CE0B8228BD72C30039564F /* View */ = {
			isa = PBXGroup;
			children = (
				61CE0B8A28BD73DC0039564F /* PokemonListViewController.swift */,
			);
			path = View;
			sourceTree = "<group>";
		};
		61CE0B8328BD72C80039564F /* ViewModel */ = {
			isa = PBXGroup;
			children = (
			);
			path = ViewModel;
			sourceTree = "<group>";
		};
		61CE0B8428BD72E40039564F /* Service */ = {
			isa = PBXGroup;
			children = (
			);
			path = Service;
			sourceTree = "<group>";
		};
		61CE0B8528BD72EB0039564F /* View */ = {
			isa = PBXGroup;
			children = (
				61CE0B8C28BD74520039564F /* PokemonDetailViewController.swift */,
			);
			path = View;
			sourceTree = "<group>";
		};
		61CE0B8728BD72F80039564F /* ViewModel */ = {
			isa = PBXGroup;
			children = (
			);
			path = ViewModel;
			sourceTree = "<group>";
		};
		61CE0B8828BD732B0039564F /* Models */ = {
			isa = PBXGroup;
			children = (
				616CA8BA28C830610040B8FA /* PokemonListDTO.swift */,
				616CA8BC28C830BB0040B8FA /* PokemonDTO.swift */,
			);
			path = Models;
			sourceTree = "<group>";
		};
		61CE0B8928BD73380039564F /* Networking */ = {
			isa = PBXGroup;
			children = (
				616CA8B628C82D330040B8FA /* ApiManager.swift */,
			);
			path = Networking;
			sourceTree = "<group>";
		};
		61CE0B8E28BD76C70039564F /* Login */ = {
			isa = PBXGroup;
			children = (
				61CE0B9128BD76D90039564F /* ViewModel */,
				61CE0B9028BD76D40039564F /* View */,
				61CE0B8F28BD76CD0039564F /* Service */,
			);
			path = Login;
			sourceTree = "<group>";
		};
		61CE0B8F28BD76CD0039564F /* Service */ = {
			isa = PBXGroup;
			children = (
			);
			path = Service;
			sourceTree = "<group>";
		};
		61CE0B9028BD76D40039564F /* View */ = {
			isa = PBXGroup;
			children = (
			);
			path = View;
			sourceTree = "<group>";
		};
		61CE0B9128BD76D90039564F /* ViewModel */ = {
			isa = PBXGroup;
			children = (
			);
			path = ViewModel;
			sourceTree = "<group>";
		};
/* End PBXGroup section */

/* Begin PBXNativeTarget section */
		61CE0B6128BD6EA60039564F /* Pokedex */ = {
			isa = PBXNativeTarget;
			buildConfigurationList = 61CE0B7628BD6EAB0039564F /* Build configuration list for PBXNativeTarget "Pokedex" */;
			buildPhases = (
				A5585B59689C6FEE5A868DA1 /* [CP] Check Pods Manifest.lock */,
				61CE0B5E28BD6EA60039564F /* Sources */,
				61CE0B5F28BD6EA60039564F /* Frameworks */,
				61CE0B6028BD6EA60039564F /* Resources */,
				D61D4D563B93EF32447BF4C6 /* [CP] Embed Pods Frameworks */,
			);
			buildRules = (
			);
			dependencies = (
			);
			name = Pokedex;
			productName = Pokedex;
			productReference = 61CE0B6228BD6EA60039564F /* Pokedex.app */;
			productType = "com.apple.product-type.application";
		};
/* End PBXNativeTarget section */

/* Begin PBXProject section */
		61CE0B5A28BD6EA50039564F /* Project object */ = {
			isa = PBXProject;
			attributes = {
				BuildIndependentTargetsInParallel = 1;
				LastSwiftUpdateCheck = 1340;
				LastUpgradeCheck = 1340;
				TargetAttributes = {
					61CE0B6128BD6EA60039564F = {
						CreatedOnToolsVersion = 13.4.1;
					};
				};
			};
			buildConfigurationList = 61CE0B5D28BD6EA50039564F /* Build configuration list for PBXProject "Pokedex" */;
			compatibilityVersion = "Xcode 13.0";
			developmentRegion = en;
			hasScannedForEncodings = 0;
			knownRegions = (
				en,
				Base,
			);
			mainGroup = 61CE0B5928BD6EA50039564F;
			productRefGroup = 61CE0B6328BD6EA60039564F /* Products */;
			projectDirPath = "";
			projectRoot = "";
			targets = (
				61CE0B6128BD6EA60039564F /* Pokedex */,
			);
		};
/* End PBXProject section */

/* Begin PBXResourcesBuildPhase section */
		61CE0B6028BD6EA60039564F /* Resources */ = {
			isa = PBXResourcesBuildPhase;
			buildActionMask = 2147483647;
			files = (
				61CE0B7228BD6EAB0039564F /* LaunchScreen.storyboard in Resources */,
				61CE0B6F28BD6EAB0039564F /* Assets.xcassets in Resources */,
			);
			runOnlyForDeploymentPostprocessing = 0;
		};
/* End PBXResourcesBuildPhase section */

/* Begin PBXShellScriptBuildPhase section */
		A5585B59689C6FEE5A868DA1 /* [CP] Check Pods Manifest.lock */ = {
			isa = PBXShellScriptBuildPhase;
			buildActionMask = 2147483647;
			files = (
			);
			inputFileListPaths = (
			);
			inputPaths = (
				"${PODS_PODFILE_DIR_PATH}/Podfile.lock",
				"${PODS_ROOT}/Manifest.lock",
			);
			name = "[CP] Check Pods Manifest.lock";
			outputFileListPaths = (
			);
			outputPaths = (
				"$(DERIVED_FILE_DIR)/Pods-Pokedex-checkManifestLockResult.txt",
			);
			runOnlyForDeploymentPostprocessing = 0;
			shellPath = /bin/sh;
			shellScript = "diff \"${PODS_PODFILE_DIR_PATH}/Podfile.lock\" \"${PODS_ROOT}/Manifest.lock\" > /dev/null\nif [ $? != 0 ] ; then\n    # print error to STDERR\n    echo \"error: The sandbox is not in sync with the Podfile.lock. Run 'pod install' or update your CocoaPods installation.\" >&2\n    exit 1\nfi\n# This output is used by Xcode 'outputs' to avoid re-running this script phase.\necho \"SUCCESS\" > \"${SCRIPT_OUTPUT_FILE_0}\"\n";
			showEnvVarsInLog = 0;
		};
		D61D4D563B93EF32447BF4C6 /* [CP] Embed Pods Frameworks */ = {
			isa = PBXShellScriptBuildPhase;
			buildActionMask = 2147483647;
			files = (
			);
			inputFileListPaths = (
				"${PODS_ROOT}/Target Support Files/Pods-Pokedex/Pods-Pokedex-frameworks-${CONFIGURATION}-input-files.xcfilelist",
			);
			name = "[CP] Embed Pods Frameworks";
			outputFileListPaths = (
				"${PODS_ROOT}/Target Support Files/Pods-Pokedex/Pods-Pokedex-frameworks-${CONFIGURATION}-output-files.xcfilelist",
			);
			runOnlyForDeploymentPostprocessing = 0;
			shellPath = /bin/sh;
			shellScript = "\"${PODS_ROOT}/Target Support Files/Pods-Pokedex/Pods-Pokedex-frameworks.sh\"\n";
			showEnvVarsInLog = 0;
		};
/* End PBXShellScriptBuildPhase section */

/* Begin PBXSourcesBuildPhase section */
		61CE0B5E28BD6EA60039564F /* Sources */ = {
			isa = PBXSourcesBuildPhase;
			buildActionMask = 2147483647;
			files = (
				61CE0B6628BD6EA60039564F /* AppDelegate.swift in Sources */,
				61CE0B8D28BD74520039564F /* PokemonDetailViewController.swift in Sources */,
				616CA8B728C82D330040B8FA /* ApiManager.swift in Sources */,
				616CA8BD28C830BB0040B8FA /* PokemonDTO.swift in Sources */,
				616CA8BB28C830610040B8FA /* PokemonListDTO.swift in Sources */,
				61CE0B8B28BD73DC0039564F /* PokemonListViewController.swift in Sources */,
				61CE0B6828BD6EA60039564F /* SceneDelegate.swift in Sources */,
				616CA8B928C82F8E0040B8FA /* PokemonListService.swift in Sources */,
			);
			runOnlyForDeploymentPostprocessing = 0;
		};
/* End PBXSourcesBuildPhase section */

/* Begin PBXVariantGroup section */
		61CE0B7028BD6EAB0039564F /* LaunchScreen.storyboard */ = {
			isa = PBXVariantGroup;
			children = (
				61CE0B7128BD6EAB0039564F /* Base */,
			);
			name = LaunchScreen.storyboard;
			sourceTree = "<group>";
		};
/* End PBXVariantGroup section */

/* Begin XCBuildConfiguration section */
		61CE0B7428BD6EAB0039564F /* Debug */ = {
			isa = XCBuildConfiguration;
			buildSettings = {
				ALWAYS_SEARCH_USER_PATHS = NO;
				CLANG_ANALYZER_NONNULL = YES;
				CLANG_ANALYZER_NUMBER_OBJECT_CONVERSION = YES_AGGRESSIVE;
				CLANG_CXX_LANGUAGE_STANDARD = "gnu++17";
				CLANG_ENABLE_MODULES = YES;
				CLANG_ENABLE_OBJC_ARC = YES;
				CLANG_ENABLE_OBJC_WEAK = YES;
				CLANG_WARN_BLOCK_CAPTURE_AUTORELEASING = YES;
				CLANG_WARN_BOOL_CONVERSION = YES;
				CLANG_WARN_COMMA = YES;
				CLANG_WARN_CONSTANT_CONVERSION = YES;
				CLANG_WARN_DEPRECATED_OBJC_IMPLEMENTATIONS = YES;
				CLANG_WARN_DIRECT_OBJC_ISA_USAGE = YES_ERROR;
				CLANG_WARN_DOCUMENTATION_COMMENTS = YES;
				CLANG_WARN_EMPTY_BODY = YES;
				CLANG_WARN_ENUM_CONVERSION = YES;
				CLANG_WARN_INFINITE_RECURSION = YES;
				CLANG_WARN_INT_CONVERSION = YES;
				CLANG_WARN_NON_LITERAL_NULL_CONVERSION = YES;
				CLANG_WARN_OBJC_IMPLICIT_RETAIN_SELF = YES;
				CLANG_WARN_OBJC_LITERAL_CONVERSION = YES;
				CLANG_WARN_OBJC_ROOT_CLASS = YES_ERROR;
				CLANG_WARN_QUOTED_INCLUDE_IN_FRAMEWORK_HEADER = YES;
				CLANG_WARN_RANGE_LOOP_ANALYSIS = YES;
				CLANG_WARN_STRICT_PROTOTYPES = YES;
				CLANG_WARN_SUSPICIOUS_MOVE = YES;
				CLANG_WARN_UNGUARDED_AVAILABILITY = YES_AGGRESSIVE;
				CLANG_WARN_UNREACHABLE_CODE = YES;
				CLANG_WARN__DUPLICATE_METHOD_MATCH = YES;
				COPY_PHASE_STRIP = NO;
				DEBUG_INFORMATION_FORMAT = dwarf;
				ENABLE_STRICT_OBJC_MSGSEND = YES;
				ENABLE_TESTABILITY = YES;
				GCC_C_LANGUAGE_STANDARD = gnu11;
				GCC_DYNAMIC_NO_PIC = NO;
				GCC_NO_COMMON_BLOCKS = YES;
				GCC_OPTIMIZATION_LEVEL = 0;
				GCC_PREPROCESSOR_DEFINITIONS = (
					"DEBUG=1",
					"$(inherited)",
				);
				GCC_WARN_64_TO_32_BIT_CONVERSION = YES;
				GCC_WARN_ABOUT_RETURN_TYPE = YES_ERROR;
				GCC_WARN_UNDECLARED_SELECTOR = YES;
				GCC_WARN_UNINITIALIZED_AUTOS = YES_AGGRESSIVE;
				GCC_WARN_UNUSED_FUNCTION = YES;
				GCC_WARN_UNUSED_VARIABLE = YES;
				IPHONEOS_DEPLOYMENT_TARGET = 15.5;
				MTL_ENABLE_DEBUG_INFO = INCLUDE_SOURCE;
				MTL_FAST_MATH = YES;
				ONLY_ACTIVE_ARCH = YES;
				SDKROOT = iphoneos;
				SWIFT_ACTIVE_COMPILATION_CONDITIONS = DEBUG;
				SWIFT_OPTIMIZATION_LEVEL = "-Onone";
			};
			name = Debug;
		};
		61CE0B7528BD6EAB0039564F /* Release */ = {
			isa = XCBuildConfiguration;
			buildSettings = {
				ALWAYS_SEARCH_USER_PATHS = NO;
				CLANG_ANALYZER_NONNULL = YES;
				CLANG_ANALYZER_NUMBER_OBJECT_CONVERSION = YES_AGGRESSIVE;
				CLANG_CXX_LANGUAGE_STANDARD = "gnu++17";
				CLANG_ENABLE_MODULES = YES;
				CLANG_ENABLE_OBJC_ARC = YES;
				CLANG_ENABLE_OBJC_WEAK = YES;
				CLANG_WARN_BLOCK_CAPTURE_AUTORELEASING = YES;
				CLANG_WARN_BOOL_CONVERSION = YES;
				CLANG_WARN_COMMA = YES;
				CLANG_WARN_CONSTANT_CONVERSION = YES;
				CLANG_WARN_DEPRECATED_OBJC_IMPLEMENTATIONS = YES;
				CLANG_WARN_DIRECT_OBJC_ISA_USAGE = YES_ERROR;
				CLANG_WARN_DOCUMENTATION_COMMENTS = YES;
				CLANG_WARN_EMPTY_BODY = YES;
				CLANG_WARN_ENUM_CONVERSION = YES;
				CLANG_WARN_INFINITE_RECURSION = YES;
				CLANG_WARN_INT_CONVERSION = YES;
				CLANG_WARN_NON_LITERAL_NULL_CONVERSION = YES;
				CLANG_WARN_OBJC_IMPLICIT_RETAIN_SELF = YES;
				CLANG_WARN_OBJC_LITERAL_CONVERSION = YES;
				CLANG_WARN_OBJC_ROOT_CLASS = YES_ERROR;
				CLANG_WARN_QUOTED_INCLUDE_IN_FRAMEWORK_HEADER = YES;
				CLANG_WARN_RANGE_LOOP_ANALYSIS = YES;
				CLANG_WARN_STRICT_PROTOTYPES = YES;
				CLANG_WARN_SUSPICIOUS_MOVE = YES;
				CLANG_WARN_UNGUARDED_AVAILABILITY = YES_AGGRESSIVE;
				CLANG_WARN_UNREACHABLE_CODE = YES;
				CLANG_WARN__DUPLICATE_METHOD_MATCH = YES;
				COPY_PHASE_STRIP = NO;
				DEBUG_INFORMATION_FORMAT = "dwarf-with-dsym";
				ENABLE_NS_ASSERTIONS = NO;
				ENABLE_STRICT_OBJC_MSGSEND = YES;
				GCC_C_LANGUAGE_STANDARD = gnu11;
				GCC_NO_COMMON_BLOCKS = YES;
				GCC_WARN_64_TO_32_BIT_CONVERSION = YES;
				GCC_WARN_ABOUT_RETURN_TYPE = YES_ERROR;
				GCC_WARN_UNDECLARED_SELECTOR = YES;
				GCC_WARN_UNINITIALIZED_AUTOS = YES_AGGRESSIVE;
				GCC_WARN_UNUSED_FUNCTION = YES;
				GCC_WARN_UNUSED_VARIABLE = YES;
				IPHONEOS_DEPLOYMENT_TARGET = 15.5;
				MTL_ENABLE_DEBUG_INFO = NO;
				MTL_FAST_MATH = YES;
				SDKROOT = iphoneos;
				SWIFT_COMPILATION_MODE = wholemodule;
				SWIFT_OPTIMIZATION_LEVEL = "-O";
				VALIDATE_PRODUCT = YES;
			};
			name = Release;
		};
		61CE0B7728BD6EAB0039564F /* Debug */ = {
			isa = XCBuildConfiguration;
			baseConfigurationReference = 0793D1391E2AD15DF9839CD7 /* Pods-Pokedex.debug.xcconfig */;
			buildSettings = {
				ASSETCATALOG_COMPILER_APPICON_NAME = AppIcon;
				ASSETCATALOG_COMPILER_GLOBAL_ACCENT_COLOR_NAME = AccentColor;
				CODE_SIGN_STYLE = Automatic;
				CURRENT_PROJECT_VERSION = 1;
				DEVELOPMENT_TEAM = 45Y77HXG9H;
				GENERATE_INFOPLIST_FILE = YES;
				INFOPLIST_FILE = Pokedex/Info.plist;
				INFOPLIST_KEY_UIApplicationSupportsIndirectInputEvents = YES;
				INFOPLIST_KEY_UILaunchStoryboardName = LaunchScreen;
				INFOPLIST_KEY_UISupportedInterfaceOrientations_iPad = "UIInterfaceOrientationPortrait UIInterfaceOrientationPortraitUpsideDown UIInterfaceOrientationLandscapeLeft UIInterfaceOrientationLandscapeRight";
				INFOPLIST_KEY_UISupportedInterfaceOrientations_iPhone = "UIInterfaceOrientationPortrait UIInterfaceOrientationLandscapeLeft UIInterfaceOrientationLandscapeRight";
				LD_RUNPATH_SEARCH_PATHS = (
					"$(inherited)",
					"@executable_path/Frameworks",
				);
				MARKETING_VERSION = 1.0;
				PRODUCT_BUNDLE_IDENTIFIER = com.Pokedex;
				PRODUCT_NAME = "$(TARGET_NAME)";
				SWIFT_EMIT_LOC_STRINGS = YES;
				SWIFT_VERSION = 5.0;
				TARGETED_DEVICE_FAMILY = 1;
			};
			name = Debug;
		};
		61CE0B7828BD6EAB0039564F /* Release */ = {
			isa = XCBuildConfiguration;
			baseConfigurationReference = ED2F010E04DD1442A4A5D795 /* Pods-Pokedex.release.xcconfig */;
			buildSettings = {
				ASSETCATALOG_COMPILER_APPICON_NAME = AppIcon;
				ASSETCATALOG_COMPILER_GLOBAL_ACCENT_COLOR_NAME = AccentColor;
				CODE_SIGN_STYLE = Automatic;
				CURRENT_PROJECT_VERSION = 1;
				DEVELOPMENT_TEAM = 45Y77HXG9H;
				GENERATE_INFOPLIST_FILE = YES;
				INFOPLIST_FILE = Pokedex/Info.plist;
				INFOPLIST_KEY_UIApplicationSupportsIndirectInputEvents = YES;
				INFOPLIST_KEY_UILaunchStoryboardName = LaunchScreen;
				INFOPLIST_KEY_UISupportedInterfaceOrientations_iPad = "UIInterfaceOrientationPortrait UIInterfaceOrientationPortraitUpsideDown UIInterfaceOrientationLandscapeLeft UIInterfaceOrientationLandscapeRight";
				INFOPLIST_KEY_UISupportedInterfaceOrientations_iPhone = "UIInterfaceOrientationPortrait UIInterfaceOrientationLandscapeLeft UIInterfaceOrientationLandscapeRight";
				LD_RUNPATH_SEARCH_PATHS = (
					"$(inherited)",
					"@executable_path/Frameworks",
				);
				MARKETING_VERSION = 1.0;
				PRODUCT_BUNDLE_IDENTIFIER = com.Pokedex;
				PRODUCT_NAME = "$(TARGET_NAME)";
				SWIFT_EMIT_LOC_STRINGS = YES;
				SWIFT_VERSION = 5.0;
				TARGETED_DEVICE_FAMILY = 1;
			};
			name = Release;
		};
/* End XCBuildConfiguration section */

/* Begin XCConfigurationList section */
		61CE0B5D28BD6EA50039564F /* Build configuration list for PBXProject "Pokedex" */ = {
			isa = XCConfigurationList;
			buildConfigurations = (
				61CE0B7428BD6EAB0039564F /* Debug */,
				61CE0B7528BD6EAB0039564F /* Release */,
			);
			defaultConfigurationIsVisible = 0;
			defaultConfigurationName = Release;
		};
		61CE0B7628BD6EAB0039564F /* Build configuration list for PBXNativeTarget "Pokedex" */ = {
			isa = XCConfigurationList;
			buildConfigurations = (
				61CE0B7728BD6EAB0039564F /* Debug */,
				61CE0B7828BD6EAB0039564F /* Release */,
			);
			defaultConfigurationIsVisible = 0;
			defaultConfigurationName = Release;
		};
/* End XCConfigurationList section */
	};
	rootObject = 61CE0B5A28BD6EA50039564F /* Project object */;
}
